// !$*UTF8*$!
{
	archiveVersion = 1;
	classes = {
	};
	objectVersion = 56;
	objects = {

/* Begin PBXBuildFile section */
		163E7CB92A9378630074F4E7 /* WelcomeViewModel.swift in Sources */ = {isa = PBXBuildFile; fileRef = 163E7CB82A9378630074F4E7 /* WelcomeViewModel.swift */; };
		163E7CBB2A9379A60074F4E7 /* WinningViewModel.swift in Sources */ = {isa = PBXBuildFile; fileRef = 163E7CBA2A9379A60074F4E7 /* WinningViewModel.swift */; };
		167F3CE72A8CF7AC007AC99E /* NumberModel.swift in Sources */ = {isa = PBXBuildFile; fileRef = 167F3CE62A8CF7AC007AC99E /* NumberModel.swift */; };
		167F3CE92A8CF853007AC99E /* PlayViewModel.swift in Sources */ = {isa = PBXBuildFile; fileRef = 167F3CE82A8CF853007AC99E /* PlayViewModel.swift */; };
		167F3CEB2A8CF93D007AC99E /* PlayView.swift in Sources */ = {isa = PBXBuildFile; fileRef = 167F3CEA2A8CF93D007AC99E /* PlayView.swift */; };
		167F3D072A8CFCE0007AC99E /* QuestionView.swift in Sources */ = {isa = PBXBuildFile; fileRef = 167F3D062A8CFCDF007AC99E /* QuestionView.swift */; };
		167F3D092A8CFF06007AC99E /* AnswerView.swift in Sources */ = {isa = PBXBuildFile; fileRef = 167F3D082A8CFF06007AC99E /* AnswerView.swift */; };
		167F3D0D2A8D067E007AC99E /* DropTarget.swift in Sources */ = {isa = PBXBuildFile; fileRef = 167F3D0C2A8D067E007AC99E /* DropTarget.swift */; };
		169A05372A8DE5080019CAC6 /* AlertView.swift in Sources */ = {isa = PBXBuildFile; fileRef = 169A05362A8DE5080019CAC6 /* AlertView.swift */; };
		169A05392A8DE8EE0019CAC6 /* ConfirmationButtonView.swift in Sources */ = {isa = PBXBuildFile; fileRef = 169A05382A8DE8EE0019CAC6 /* ConfirmationButtonView.swift */; };
		169A053B2A8DE9650019CAC6 /* CustomConfirmationPropertiesView.swift in Sources */ = {isa = PBXBuildFile; fileRef = 169A053A2A8DE9650019CAC6 /* CustomConfirmationPropertiesView.swift */; };
		16B14DCA2A8DDE03008D031C /* CustomButtoniew.swift in Sources */ = {isa = PBXBuildFile; fileRef = 16B14DC92A8DDE03008D031C /* CustomButtoniew.swift */; };
		F55116BC29E56BB60059100D /* WinningScreen.swift in Sources */ = {isa = PBXBuildFile; fileRef = F55116BB29E56BB60059100D /* WinningScreen.swift */; };
		F55116BE29E571270059100D /* WelcomeScreen.swift in Sources */ = {isa = PBXBuildFile; fileRef = F55116BD29E571270059100D /* WelcomeScreen.swift */; };
		F5591C6B29E2DD860011A1E8 /* MCOneApp.swift in Sources */ = {isa = PBXBuildFile; fileRef = F5591C6A29E2DD860011A1E8 /* MCOneApp.swift */; };
		F5591C6F29E2DD870011A1E8 /* Assets.xcassets in Resources */ = {isa = PBXBuildFile; fileRef = F5591C6E29E2DD870011A1E8 /* Assets.xcassets */; };
		F5591C7229E2DD870011A1E8 /* Preview Assets.xcassets in Resources */ = {isa = PBXBuildFile; fileRef = F5591C7129E2DD870011A1E8 /* Preview Assets.xcassets */; };
/* End PBXBuildFile section */

/* Begin PBXFileReference section */
		163E7CB82A9378630074F4E7 /* WelcomeViewModel.swift */ = {isa = PBXFileReference; lastKnownFileType = sourcecode.swift; path = WelcomeViewModel.swift; sourceTree = "<group>"; };
		163E7CBA2A9379A60074F4E7 /* WinningViewModel.swift */ = {isa = PBXFileReference; lastKnownFileType = sourcecode.swift; path = WinningViewModel.swift; sourceTree = "<group>"; };
		167F3CE62A8CF7AC007AC99E /* NumberModel.swift */ = {isa = PBXFileReference; lastKnownFileType = sourcecode.swift; path = NumberModel.swift; sourceTree = "<group>"; };
		167F3CE82A8CF853007AC99E /* PlayViewModel.swift */ = {isa = PBXFileReference; lastKnownFileType = sourcecode.swift; path = PlayViewModel.swift; sourceTree = "<group>"; };
		167F3CEA2A8CF93D007AC99E /* PlayView.swift */ = {isa = PBXFileReference; lastKnownFileType = sourcecode.swift; path = PlayView.swift; sourceTree = "<group>"; };
		167F3D062A8CFCDF007AC99E /* QuestionView.swift */ = {isa = PBXFileReference; lastKnownFileType = sourcecode.swift; path = QuestionView.swift; sourceTree = "<group>"; };
		167F3D082A8CFF06007AC99E /* AnswerView.swift */ = {isa = PBXFileReference; lastKnownFileType = sourcecode.swift; path = AnswerView.swift; sourceTree = "<group>"; };
		167F3D0C2A8D067E007AC99E /* DropTarget.swift */ = {isa = PBXFileReference; lastKnownFileType = sourcecode.swift; path = DropTarget.swift; sourceTree = "<group>"; };
		169A05362A8DE5080019CAC6 /* AlertView.swift */ = {isa = PBXFileReference; lastKnownFileType = sourcecode.swift; path = AlertView.swift; sourceTree = "<group>"; };
		169A05382A8DE8EE0019CAC6 /* ConfirmationButtonView.swift */ = {isa = PBXFileReference; lastKnownFileType = sourcecode.swift; path = ConfirmationButtonView.swift; sourceTree = "<group>"; };
		169A053A2A8DE9650019CAC6 /* CustomConfirmationPropertiesView.swift */ = {isa = PBXFileReference; lastKnownFileType = sourcecode.swift; path = CustomConfirmationPropertiesView.swift; sourceTree = "<group>"; };
		16B14DC92A8DDE03008D031C /* CustomButtoniew.swift */ = {isa = PBXFileReference; lastKnownFileType = sourcecode.swift; path = CustomButtoniew.swift; sourceTree = "<group>"; };
		F55116BB29E56BB60059100D /* WinningScreen.swift */ = {isa = PBXFileReference; lastKnownFileType = sourcecode.swift; path = WinningScreen.swift; sourceTree = "<group>"; };
		F55116BD29E571270059100D /* WelcomeScreen.swift */ = {isa = PBXFileReference; lastKnownFileType = sourcecode.swift; path = WelcomeScreen.swift; sourceTree = "<group>"; };
		F5591C6729E2DD860011A1E8 /* MCOne.app */ = {isa = PBXFileReference; explicitFileType = wrapper.application; includeInIndex = 0; path = MCOne.app; sourceTree = BUILT_PRODUCTS_DIR; };
		F5591C6A29E2DD860011A1E8 /* MCOneApp.swift */ = {isa = PBXFileReference; lastKnownFileType = sourcecode.swift; path = MCOneApp.swift; sourceTree = "<group>"; };
		F5591C6E29E2DD870011A1E8 /* Assets.xcassets */ = {isa = PBXFileReference; lastKnownFileType = folder.assetcatalog; path = Assets.xcassets; sourceTree = "<group>"; };
		F5591C7129E2DD870011A1E8 /* Preview Assets.xcassets */ = {isa = PBXFileReference; lastKnownFileType = folder.assetcatalog; path = "Preview Assets.xcassets"; sourceTree = "<group>"; };
/* End PBXFileReference section */

/* Begin PBXFrameworksBuildPhase section */
		F5591C6429E2DD860011A1E8 /* Frameworks */ = {
			isa = PBXFrameworksBuildPhase;
			buildActionMask = 2147483647;
			files = (
			);
			runOnlyForDeploymentPostprocessing = 0;
		};
/* End PBXFrameworksBuildPhase section */

/* Begin PBXGroup section */
		167F3CDF2A8CE707007AC99E /* Models */ = {
			isa = PBXGroup;
			children = (
				167F3CE62A8CF7AC007AC99E /* NumberModel.swift */,
			);
			path = Models;
			sourceTree = "<group>";
		};
		167F3CE02A8CE716007AC99E /* Views */ = {
			isa = PBXGroup;
			children = (
				F55116BD29E571270059100D /* WelcomeScreen.swift */,
				F55116BB29E56BB60059100D /* WinningScreen.swift */,
				167F3CEA2A8CF93D007AC99E /* PlayView.swift */,
			);
			path = Views;
			sourceTree = "<group>";
		};
		167F3CE22A8CE76F007AC99E /* ViewModels */ = {
			isa = PBXGroup;
			children = (
				167F3CE82A8CF853007AC99E /* PlayViewModel.swift */,
				163E7CB82A9378630074F4E7 /* WelcomeViewModel.swift */,
				163E7CBA2A9379A60074F4E7 /* WinningViewModel.swift */,
			);
			path = ViewModels;
			sourceTree = "<group>";
		};
		167F3CE42A8CE7B5007AC99E /* Components */ = {
			isa = PBXGroup;
			children = (
				167F3D062A8CFCDF007AC99E /* QuestionView.swift */,
				169A05362A8DE5080019CAC6 /* AlertView.swift */,
				16B14DC92A8DDE03008D031C /* CustomButtoniew.swift */,
				169A053A2A8DE9650019CAC6 /* CustomConfirmationPropertiesView.swift */,
				169A05382A8DE8EE0019CAC6 /* ConfirmationButtonView.swift */,
				167F3D082A8CFF06007AC99E /* AnswerView.swift */,
			);
			path = Components;
			sourceTree = "<group>";
		};
		167F3CE52A8CE7F7007AC99E /* App */ = {
			isa = PBXGroup;
			children = (
				F5591C6A29E2DD860011A1E8 /* MCOneApp.swift */,
			);
			path = App;
			sourceTree = "<group>";
		};
		16D6DC622A9316A800B68136 /* Utilities */ = {
			isa = PBXGroup;
			children = (
				167F3D0C2A8D067E007AC99E /* DropTarget.swift */,
			);
			path = Utilities;
			sourceTree = "<group>";
		};
		F5591C5E29E2DD860011A1E8 = {
			isa = PBXGroup;
			children = (
				F5591C6929E2DD860011A1E8 /* MCOne */,
				F5591C6829E2DD860011A1E8 /* Products */,
			);
			sourceTree = "<group>";
		};
		F5591C6829E2DD860011A1E8 /* Products */ = {
			isa = PBXGroup;
			children = (
				F5591C6729E2DD860011A1E8 /* MCOne.app */,
			);
			name = Products;
			sourceTree = "<group>";
		};
		F5591C6929E2DD860011A1E8 /* MCOne */ = {
			isa = PBXGroup;
			children = (
				167F3CE52A8CE7F7007AC99E /* App */,
				16D6DC622A9316A800B68136 /* Utilities */,
				167F3CE42A8CE7B5007AC99E /* Components */,
				167F3CE22A8CE76F007AC99E /* ViewModels */,
				167F3CDF2A8CE707007AC99E /* Models */,
				F5591C6E29E2DD870011A1E8 /* Assets.xcassets */,
				F5591C7029E2DD870011A1E8 /* Preview Content */,
				167F3CE02A8CE716007AC99E /* Views */,
			);
			path = MCOne;
			sourceTree = "<group>";
		};
		F5591C7029E2DD870011A1E8 /* Preview Content */ = {
			isa = PBXGroup;
			children = (
				F5591C7129E2DD870011A1E8 /* Preview Assets.xcassets */,
			);
			path = "Preview Content";
			sourceTree = "<group>";
		};
/* End PBXGroup section */

/* Begin PBXNativeTarget section */
		F5591C6629E2DD860011A1E8 /* MCOne */ = {
			isa = PBXNativeTarget;
			buildConfigurationList = F5591C7529E2DD870011A1E8 /* Build configuration list for PBXNativeTarget "MCOne" */;
			buildPhases = (
				F5591C6329E2DD860011A1E8 /* Sources */,
				F5591C6429E2DD860011A1E8 /* Frameworks */,
				F5591C6529E2DD860011A1E8 /* Resources */,
			);
			buildRules = (
			);
			dependencies = (
			);
			name = MCOne;
			productName = MCOne;
			productReference = F5591C6729E2DD860011A1E8 /* MCOne.app */;
			productType = "com.apple.product-type.application";
		};
/* End PBXNativeTarget section */

/* Begin PBXProject section */
		F5591C5F29E2DD860011A1E8 /* Project object */ = {
			isa = PBXProject;
			attributes = {
				BuildIndependentTargetsInParallel = 1;
				LastSwiftUpdateCheck = 1420;
				LastUpgradeCheck = 1420;
				TargetAttributes = {
					F5591C6629E2DD860011A1E8 = {
						CreatedOnToolsVersion = 14.2;
					};
				};
			};
			buildConfigurationList = F5591C6229E2DD860011A1E8 /* Build configuration list for PBXProject "MCOne" */;
			compatibilityVersion = "Xcode 14.0";
			developmentRegion = en;
			hasScannedForEncodings = 0;
			knownRegions = (
				en,
				Base,
			);
			mainGroup = F5591C5E29E2DD860011A1E8;
			productRefGroup = F5591C6829E2DD860011A1E8 /* Products */;
			projectDirPath = "";
			projectRoot = "";
			targets = (
				F5591C6629E2DD860011A1E8 /* MCOne */,
			);
		};
/* End PBXProject section */

/* Begin PBXResourcesBuildPhase section */
		F5591C6529E2DD860011A1E8 /* Resources */ = {
			isa = PBXResourcesBuildPhase;
			buildActionMask = 2147483647;
			files = (
				F5591C7229E2DD870011A1E8 /* Preview Assets.xcassets in Resources */,
				F5591C6F29E2DD870011A1E8 /* Assets.xcassets in Resources */,
			);
			runOnlyForDeploymentPostprocessing = 0;
		};
/* End PBXResourcesBuildPhase section */

/* Begin PBXSourcesBuildPhase section */
		F5591C6329E2DD860011A1E8 /* Sources */ = {
			isa = PBXSourcesBuildPhase;
			buildActionMask = 2147483647;
			files = (
				167F3D072A8CFCE0007AC99E /* QuestionView.swift in Sources */,
				163E7CB92A9378630074F4E7 /* WelcomeViewModel.swift in Sources */,
				167F3CE92A8CF853007AC99E /* PlayViewModel.swift in Sources */,
				167F3D0D2A8D067E007AC99E /* DropTarget.swift in Sources */,
				169A053B2A8DE9650019CAC6 /* CustomConfirmationPropertiesView.swift in Sources */,
				16B14DCA2A8DDE03008D031C /* CustomButtoniew.swift in Sources */,
				163E7CBB2A9379A60074F4E7 /* WinningViewModel.swift in Sources */,
				169A05372A8DE5080019CAC6 /* AlertView.swift in Sources */,
				F55116BC29E56BB60059100D /* WinningScreen.swift in Sources */,
				169A05392A8DE8EE0019CAC6 /* ConfirmationButtonView.swift in Sources */,
				167F3CEB2A8CF93D007AC99E /* PlayView.swift in Sources */,
				167F3D092A8CFF06007AC99E /* AnswerView.swift in Sources */,
				167F3CE72A8CF7AC007AC99E /* NumberModel.swift in Sources */,
				F55116BE29E571270059100D /* WelcomeScreen.swift in Sources */,
				F5591C6B29E2DD860011A1E8 /* MCOneApp.swift in Sources */,
			);
			runOnlyForDeploymentPostprocessing = 0;
		};
/* End PBXSourcesBuildPhase section */

/* Begin XCBuildConfiguration section */
		F5591C7329E2DD870011A1E8 /* Debug */ = {
			isa = XCBuildConfiguration;
			buildSettings = {
				ALWAYS_SEARCH_USER_PATHS = NO;
				CLANG_ANALYZER_NONNULL = YES;
				CLANG_ANALYZER_NUMBER_OBJECT_CONVERSION = YES_AGGRESSIVE;
				CLANG_CXX_LANGUAGE_STANDARD = "gnu++20";
				CLANG_ENABLE_MODULES = YES;
				CLANG_ENABLE_OBJC_ARC = YES;
				CLANG_ENABLE_OBJC_WEAK = YES;
				CLANG_WARN_BLOCK_CAPTURE_AUTORELEASING = YES;
				CLANG_WARN_BOOL_CONVERSION = YES;
				CLANG_WARN_COMMA = YES;
				CLANG_WARN_CONSTANT_CONVERSION = YES;
				CLANG_WARN_DEPRECATED_OBJC_IMPLEMENTATIONS = YES;
				CLANG_WARN_DIRECT_OBJC_ISA_USAGE = YES_ERROR;
				CLANG_WARN_DOCUMENTATION_COMMENTS = YES;
				CLANG_WARN_EMPTY_BODY = YES;
				CLANG_WARN_ENUM_CONVERSION = YES;
				CLANG_WARN_INFINITE_RECURSION = YES;
				CLANG_WARN_INT_CONVERSION = YES;
				CLANG_WARN_NON_LITERAL_NULL_CONVERSION = YES;
				CLANG_WARN_OBJC_IMPLICIT_RETAIN_SELF = YES;
				CLANG_WARN_OBJC_LITERAL_CONVERSION = YES;
				CLANG_WARN_OBJC_ROOT_CLASS = YES_ERROR;
				CLANG_WARN_QUOTED_INCLUDE_IN_FRAMEWORK_HEADER = YES;
				CLANG_WARN_RANGE_LOOP_ANALYSIS = YES;
				CLANG_WARN_STRICT_PROTOTYPES = YES;
				CLANG_WARN_SUSPICIOUS_MOVE = YES;
				CLANG_WARN_UNGUARDED_AVAILABILITY = YES_AGGRESSIVE;
				CLANG_WARN_UNREACHABLE_CODE = YES;
				CLANG_WARN__DUPLICATE_METHOD_MATCH = YES;
				COPY_PHASE_STRIP = NO;
				DEBUG_INFORMATION_FORMAT = dwarf;
				ENABLE_STRICT_OBJC_MSGSEND = YES;
				ENABLE_TESTABILITY = YES;
				GCC_C_LANGUAGE_STANDARD = gnu11;
				GCC_DYNAMIC_NO_PIC = NO;
				GCC_NO_COMMON_BLOCKS = YES;
				GCC_OPTIMIZATION_LEVEL = 0;
				GCC_PREPROCESSOR_DEFINITIONS = (
					"DEBUG=1",
					"$(inherited)",
				);
				GCC_WARN_64_TO_32_BIT_CONVERSION = YES;
				GCC_WARN_ABOUT_RETURN_TYPE = YES_ERROR;
				GCC_WARN_UNDECLARED_SELECTOR = YES;
				GCC_WARN_UNINITIALIZED_AUTOS = YES_AGGRESSIVE;
				GCC_WARN_UNUSED_FUNCTION = YES;
				GCC_WARN_UNUSED_VARIABLE = YES;
				IPHONEOS_DEPLOYMENT_TARGET = 16.2;
				MTL_ENABLE_DEBUG_INFO = INCLUDE_SOURCE;
				MTL_FAST_MATH = YES;
				ONLY_ACTIVE_ARCH = YES;
				SDKROOT = iphoneos;
				SWIFT_ACTIVE_COMPILATION_CONDITIONS = DEBUG;
				SWIFT_OPTIMIZATION_LEVEL = "-Onone";
			};
			name = Debug;
		};
		F5591C7429E2DD870011A1E8 /* Release */ = {
			isa = XCBuildConfiguration;
			buildSettings = {
				ALWAYS_SEARCH_USER_PATHS = NO;
				CLANG_ANALYZER_NONNULL = YES;
				CLANG_ANALYZER_NUMBER_OBJECT_CONVERSION = YES_AGGRESSIVE;
				CLANG_CXX_LANGUAGE_STANDARD = "gnu++20";
				CLANG_ENABLE_MODULES = YES;
				CLANG_ENABLE_OBJC_ARC = YES;
				CLANG_ENABLE_OBJC_WEAK = YES;
				CLANG_WARN_BLOCK_CAPTURE_AUTORELEASING = YES;
				CLANG_WARN_BOOL_CONVERSION = YES;
				CLANG_WARN_COMMA = YES;
				CLANG_WARN_CONSTANT_CONVERSION = YES;
				CLANG_WARN_DEPRECATED_OBJC_IMPLEMENTATIONS = YES;
				CLANG_WARN_DIRECT_OBJC_ISA_USAGE = YES_ERROR;
				CLANG_WARN_DOCUMENTATION_COMMENTS = YES;
				CLANG_WARN_EMPTY_BODY = YES;
				CLANG_WARN_ENUM_CONVERSION = YES;
				CLANG_WARN_INFINITE_RECURSION = YES;
				CLANG_WARN_INT_CONVERSION = YES;
				CLANG_WARN_NON_LITERAL_NULL_CONVERSION = YES;
				CLANG_WARN_OBJC_IMPLICIT_RETAIN_SELF = YES;
				CLANG_WARN_OBJC_LITERAL_CONVERSION = YES;
				CLANG_WARN_OBJC_ROOT_CLASS = YES_ERROR;
				CLANG_WARN_QUOTED_INCLUDE_IN_FRAMEWORK_HEADER = YES;
				CLANG_WARN_RANGE_LOOP_ANALYSIS = YES;
				CLANG_WARN_STRICT_PROTOTYPES = YES;
				CLANG_WARN_SUSPICIOUS_MOVE = YES;
				CLANG_WARN_UNGUARDED_AVAILABILITY = YES_AGGRESSIVE;
				CLANG_WARN_UNREACHABLE_CODE = YES;
				CLANG_WARN__DUPLICATE_METHOD_MATCH = YES;
				COPY_PHASE_STRIP = NO;
				DEBUG_INFORMATION_FORMAT = "dwarf-with-dsym";
				ENABLE_NS_ASSERTIONS = NO;
				ENABLE_STRICT_OBJC_MSGSEND = YES;
				GCC_C_LANGUAGE_STANDARD = gnu11;
				GCC_NO_COMMON_BLOCKS = YES;
				GCC_WARN_64_TO_32_BIT_CONVERSION = YES;
				GCC_WARN_ABOUT_RETURN_TYPE = YES_ERROR;
				GCC_WARN_UNDECLARED_SELECTOR = YES;
				GCC_WARN_UNINITIALIZED_AUTOS = YES_AGGRESSIVE;
				GCC_WARN_UNUSED_FUNCTION = YES;
				GCC_WARN_UNUSED_VARIABLE = YES;
				IPHONEOS_DEPLOYMENT_TARGET = 16.2;
				MTL_ENABLE_DEBUG_INFO = NO;
				MTL_FAST_MATH = YES;
				SDKROOT = iphoneos;
				SWIFT_COMPILATION_MODE = wholemodule;
				SWIFT_OPTIMIZATION_LEVEL = "-O";
				VALIDATE_PRODUCT = YES;
			};
			name = Release;
		};
		F5591C7629E2DD870011A1E8 /* Debug */ = {
			isa = XCBuildConfiguration;
			buildSettings = {
				ASSETCATALOG_COMPILER_APPICON_NAME = AppIcon;
				ASSETCATALOG_COMPILER_GLOBAL_ACCENT_COLOR_NAME = AccentColor;
				CODE_SIGN_IDENTITY = "Apple Development";
				CODE_SIGN_STYLE = Automatic;
				CURRENT_PROJECT_VERSION = 1;
				DEVELOPMENT_ASSET_PATHS = "\"MCOne/Preview Content\"";
				DEVELOPMENT_TEAM = X635BWV565;
				ENABLE_PREVIEWS = YES;
				GENERATE_INFOPLIST_FILE = YES;
				INFOPLIST_KEY_CFBundleDisplayName = "Astro Arithmetic";
				INFOPLIST_KEY_UIApplicationSceneManifest_Generation = YES;
				INFOPLIST_KEY_UIApplicationSupportsIndirectInputEvents = YES;
				INFOPLIST_KEY_UILaunchScreen_Generation = YES;
				INFOPLIST_KEY_UIRequiresFullScreen = NO;
				INFOPLIST_KEY_UIStatusBarStyle = UIStatusBarStyleDarkContent;
				INFOPLIST_KEY_UISupportedInterfaceOrientations = UIInterfaceOrientationLandscapeLeft;
				INFOPLIST_KEY_UISupportedInterfaceOrientations_iPad = UIInterfaceOrientationLandscapeRight;
				IPHONEOS_DEPLOYMENT_TARGET = 16.0;
				LD_RUNPATH_SEARCH_PATHS = (
					"$(inherited)",
					"@executable_path/Frameworks",
				);
				MARKETING_VERSION = 1.0;
				PRODUCT_BUNDLE_IDENTIFIER = com.dewaac.MCOne;
				PRODUCT_NAME = "$(TARGET_NAME)";
				PROVISIONING_PROFILE_SPECIFIER = "";
				SUPPORTED_PLATFORMS = "iphoneos iphonesimulator";
				SUPPORTS_MACCATALYST = NO;
				SUPPORTS_MAC_DESIGNED_FOR_IPHONE_IPAD = NO;
				SWIFT_EMIT_LOC_STRINGS = YES;
				SWIFT_VERSION = 5.0;
				TARGETED_DEVICE_FAMILY = 1;
			};
			name = Debug;
		};
		F5591C7729E2DD870011A1E8 /* Release */ = {
			isa = XCBuildConfiguration;
			buildSettings = {
				ASSETCATALOG_COMPILER_APPICON_NAME = AppIcon;
				ASSETCATALOG_COMPILER_GLOBAL_ACCENT_COLOR_NAME = AccentColor;
				CODE_SIGN_IDENTITY = "Apple Development";
				CODE_SIGN_STYLE = Automatic;
				CURRENT_PROJECT_VERSION = 1;
				DEVELOPMENT_ASSET_PATHS = "\"MCOne/Preview Content\"";
				DEVELOPMENT_TEAM = X635BWV565;
				ENABLE_PREVIEWS = YES;
				GENERATE_INFOPLIST_FILE = YES;
				INFOPLIST_KEY_CFBundleDisplayName = "Astro Arithmetic";
				INFOPLIST_KEY_UIApplicationSceneManifest_Generation = YES;
				INFOPLIST_KEY_UIApplicationSupportsIndirectInputEvents = YES;
				INFOPLIST_KEY_UILaunchScreen_Generation = YES;
				INFOPLIST_KEY_UIRequiresFullScreen = NO;
				INFOPLIST_KEY_UIStatusBarStyle = UIStatusBarStyleDarkContent;
				INFOPLIST_KEY_UISupportedInterfaceOrientations = UIInterfaceOrientationLandscapeLeft;
				INFOPLIST_KEY_UISupportedInterfaceOrientations_iPad = UIInterfaceOrientationLandscapeRight;
				IPHONEOS_DEPLOYMENT_TARGET = 16.0;
				LD_RUNPATH_SEARCH_PATHS = (
					"$(inherited)",
					"@executable_path/Frameworks",
				);
				MARKETING_VERSION = 1.0;
				PRODUCT_BUNDLE_IDENTIFIER = com.dewaac.MCOne;
				PRODUCT_NAME = "$(TARGET_NAME)";
				PROVISIONING_PROFILE_SPECIFIER = "";
				SUPPORTED_PLATFORMS = "iphoneos iphonesimulator";
				SUPPORTS_MACCATALYST = NO;
				SUPPORTS_MAC_DESIGNED_FOR_IPHONE_IPAD = NO;
				SWIFT_EMIT_LOC_STRINGS = YES;
				SWIFT_VERSION = 5.0;
				TARGETED_DEVICE_FAMILY = 1;
			};
			name = Release;
		};
/* End XCBuildConfiguration section */

/* Begin XCConfigurationList section */
		F5591C6229E2DD860011A1E8 /* Build configuration list for PBXProject "MCOne" */ = {
			isa = XCConfigurationList;
			buildConfigurations = (
				F5591C7329E2DD870011A1E8 /* Debug */,
				F5591C7429E2DD870011A1E8 /* Release */,
			);
			defaultConfigurationIsVisible = 0;
			defaultConfigurationName = Release;
		};
		F5591C7529E2DD870011A1E8 /* Build configuration list for PBXNativeTarget "MCOne" */ = {
			isa = XCConfigurationList;
			buildConfigurations = (
				F5591C7629E2DD870011A1E8 /* Debug */,
				F5591C7729E2DD870011A1E8 /* Release */,
			);
			defaultConfigurationIsVisible = 0;
			defaultConfigurationName = Release;
		};
/* End XCConfigurationList section */
	};
	rootObject = F5591C5F29E2DD860011A1E8 /* Project object */;
}
